
Microsoft Visual Studio Solution File, Format Version 12.00
# Visual Studio Version 17
VisualStudioVersion = 17.0.32014.148
MinimumVisualStudioVersion = 10.0.40219.1
Project("{9A19103F-16F7-4668-BE54-9A1E7A4F7556}") = "DP_HWS1", "DP_HWS1.csproj", "{84275B80-3FB4-467A-9ABF-EBF4BE550935}"
EndProject
Global
	GlobalSection(SolutionConfigurationPlatforms) = preSolution
		Debug|Any CPU = Debug|Any CPU
		Release|Any CPU = Release|Any CPU
	EndGlobalSection
	GlobalSection(ProjectConfigurationPlatforms) = postSolution
		{84275B80-3FB4-467A-9ABF-EBF4BE550935}.Debug|Any CPU.ActiveCfg = Debug|Any CPU
		{84275B80-3FB4-467A-9ABF-EBF4BE550935}.Debug|Any CPU.Build.0 = Debug|Any CPU
		{84275B80-3FB4-467A-9ABF-EBF4BE550935}.Release|Any CPU.ActiveCfg = Release|Any CPU
		{84275B80-3FB4-467A-9ABF-EBF4BE550935}.Release|Any CPU.Build.0 = Release|Any CPU
	EndGlobalSection
	GlobalSection(SolutionProperties) = preSolution
		HideSolutionNode = FALSE
	EndGlobalSection
	GlobalSection(ExtensibilityGlobals) = postSolution
		SolutionGuid = {A29F0343-E9BA-4FDE-9256-BB99B175ABBA}
	EndGlobalSection
EndGlobal
